
Microsoft Visual Studio Solution File, Format Version 12.00
# Visual Studio Version 16
VisualStudioVersion = 16.0.32228.343
MinimumVisualStudioVersion = 10.0.40219.1
Project("{FAE04EC0-301F-11D3-BF4B-00C04F79EFBC}") = "VeterinaryClinic", "VeterinaryClinic\VeterinaryClinic.csproj", "{065B79FC-7335-4BEC-88A0-57363A7C07A1}"
EndProject
Global
	GlobalSection(SolutionConfigurationPlatforms) = preSolution
		Debug|Any CPU = Debug|Any CPU
		Release|Any CPU = Release|Any CPU
	EndGlobalSection
	GlobalSection(ProjectConfigurationPlatforms) = postSolution
		{065B79FC-7335-4BEC-88A0-57363A7C07A1}.Debug|Any CPU.ActiveCfg = Debug|Any CPU
		{065B79FC-7335-4BEC-88A0-57363A7C07A1}.Debug|Any CPU.Build.0 = Debug|Any CPU
		{065B79FC-7335-4BEC-88A0-57363A7C07A1}.Release|Any CPU.ActiveCfg = Release|Any CPU
		{065B79FC-7335-4BEC-88A0-57363A7C07A1}.Release|Any CPU.Build.0 = Release|Any CPU
	EndGlobalSection
	GlobalSection(SolutionProperties) = preSolution
		HideSolutionNode = FALSE
	EndGlobalSection
	GlobalSection(ExtensibilityGlobals) = postSolution
		SolutionGuid = {399B35AB-5654-41D6-B240-2B0B34ECC31C}
	EndGlobalSection
EndGlobal
